
Microsoft Visual Studio Solution File, Format Version 12.00
# Visual Studio 2015
Project("{FAE04EC0-301F-11D3-BF4B-00C04F79EFBC}") = "QuizGameSession2.CSharp", "QuizGameSession2.CSharp.csproj", "{8F1FC014-1072-327B-5284-F61102757E2A}"
EndProject
Project("{FAE04EC0-301F-11D3-BF4B-00C04F79EFBC}") = "QuizGameSession2.CSharp.Editor", "QuizGameSession2.CSharp.Editor.csproj", "{C76D404C-0010-4190-AD87-2E7D5B907AA7}"
EndProject
Global
	GlobalSection(SolutionConfigurationPlatforms) = preSolution
		Debug|Any CPU = Debug|Any CPU
		Release|Any CPU = Release|Any CPU
	EndGlobalSection
	GlobalSection(ProjectConfigurationPlatforms) = postSolution
		{8F1FC014-1072-327B-5284-F61102757E2A}.Debug|Any CPU.ActiveCfg = Debug|Any CPU
		{8F1FC014-1072-327B-5284-F61102757E2A}.Debug|Any CPU.Build.0 = Debug|Any CPU
		{8F1FC014-1072-327B-5284-F61102757E2A}.Release|Any CPU.ActiveCfg = Release|Any CPU
		{8F1FC014-1072-327B-5284-F61102757E2A}.Release|Any CPU.Build.0 = Release|Any CPU
		{C76D404C-0010-4190-AD87-2E7D5B907AA7}.Debug|Any CPU.ActiveCfg = Debug|Any CPU
		{C76D404C-0010-4190-AD87-2E7D5B907AA7}.Debug|Any CPU.Build.0 = Debug|Any CPU
		{C76D404C-0010-4190-AD87-2E7D5B907AA7}.Release|Any CPU.ActiveCfg = Release|Any CPU
		{C76D404C-0010-4190-AD87-2E7D5B907AA7}.Release|Any CPU.Build.0 = Release|Any CPU
	EndGlobalSection
	GlobalSection(SolutionProperties) = preSolution
		HideSolutionNode = FALSE
	EndGlobalSection
EndGlobal
